# This file is automatically @generated by Cargo.
# It is not intended for manual editing.
version = 4

[[package]]
name = "evernight_cli"
version = "0.1.0"
dependencies = [
 "evernight_core",
 "evernight_fmt",
 "evernight_lint",
 "evernight_vm",
]

[[package]]
name = "evernight_core"
version = "0.1.0"

[[package]]
name = "evernight_fmt"
version = "0.1.0"
dependencies = [
 "evernight_core",
]

[[package]]
name = "evernight_lint"
version = "0.1.0"
dependencies = [
 "evernight_core",
]

[[package]]
name = "evernight_vm"
version = "0.1.0"
dependencies = [
 "evernight_core",
]
